
Microsoft Visual Studio Solution File, Format Version 12.00
# Visual Studio 15
Project("{FAE04EC0-301F-11D3-BF4B-00C04F79EFBC}") = "Assembly-CSharp", "Assembly-CSharp.csproj", "{AACE5D8A-5BBA-98CB-0A5D-7CD6B49DB1C5}"
EndProject
Global
	GlobalSection(SolutionConfigurationPlatforms) = preSolution
		Debug|Any CPU = Debug|Any CPU
		Release|Any CPU = Release|Any CPU
	EndGlobalSection
	GlobalSection(ProjectConfigurationPlatforms) = postSolution
		{AACE5D8A-5BBA-98CB-0A5D-7CD6B49DB1C5}.Debug|Any CPU.ActiveCfg = Debug|Any CPU
		{AACE5D8A-5BBA-98CB-0A5D-7CD6B49DB1C5}.Debug|Any CPU.Build.0 = Debug|Any CPU
		{AACE5D8A-5BBA-98CB-0A5D-7CD6B49DB1C5}.Release|Any CPU.ActiveCfg = Release|Any CPU
		{AACE5D8A-5BBA-98CB-0A5D-7CD6B49DB1C5}.Release|Any CPU.Build.0 = Release|Any CPU
	EndGlobalSection
	GlobalSection(SolutionProperties) = preSolution
		HideSolutionNode = FALSE
	EndGlobalSection
EndGlobal
